
Microsoft Visual Studio Solution File, Format Version 12.00
# Visual Studio Version 17
VisualStudioVersion = 17.0.31903.59
MinimumVisualStudioVersion = 10.0.40219.1
Project("{2150E333-8FDC-42A3-9474-1A3956D46DE8}") = "src", "src", "{827E0CD3-B72D-47B6-A68D-7590B98EB39B}"
EndProject
Project("{FAE04EC0-301F-11D3-BF4B-00C04F79EFBC}") = "SapAssistant.Api", "src\SapAssistant.Api\SapAssistant.Api.csproj", "{01C92B07-5CF0-408A-A4C1-62A40ECEDB49}"
EndProject
Project("{FAE04EC0-301F-11D3-BF4B-00C04F79EFBC}") = "SapAssistant.AppHost", "src\SapAssistant.AppHost\SapAssistant.AppHost.csproj", "{3E42B6A5-8DA2-47FF-88BA-A00BEB3BA579}"
EndProject
Project("{FAE04EC0-301F-11D3-BF4B-00C04F79EFBC}") = "SapAssistant.ServiceDefaults", "src\SapAssistant.ServiceDefaults\SapAssistant.ServiceDefaults.csproj", "{2CA29DB3-613E-4C62-B741-A431CAAFE8FC}"
EndProject
Project("{2150E333-8FDC-42A3-9474-1A3956D46DE8}") = "tests", "tests", "{0AB3BF05-4346-4AA6-1389-037BE0695223}"
EndProject
Project("{FAE04EC0-301F-11D3-BF4B-00C04F79EFBC}") = "SapAssistant.Api.Tests", "tests\SapAssistant.Api.Tests\SapAssistant.Api.Tests.csproj", "{61D85C0C-C208-4F27-8821-E96AA154210B}"
EndProject
Global
	GlobalSection(SolutionConfigurationPlatforms) = preSolution
		Debug|Any CPU = Debug|Any CPU
		Debug|x64 = Debug|x64
		Debug|x86 = Debug|x86
		Release|Any CPU = Release|Any CPU
		Release|x64 = Release|x64
		Release|x86 = Release|x86
	EndGlobalSection
	GlobalSection(ProjectConfigurationPlatforms) = postSolution
		{01C92B07-5CF0-408A-A4C1-62A40ECEDB49}.Debug|Any CPU.ActiveCfg = Debug|Any CPU
		{01C92B07-5CF0-408A-A4C1-62A40ECEDB49}.Debug|Any CPU.Build.0 = Debug|Any CPU
		{01C92B07-5CF0-408A-A4C1-62A40ECEDB49}.Debug|x64.ActiveCfg = Debug|Any CPU
		{01C92B07-5CF0-408A-A4C1-62A40ECEDB49}.Debug|x64.Build.0 = Debug|Any CPU
		{01C92B07-5CF0-408A-A4C1-62A40ECEDB49}.Debug|x86.ActiveCfg = Debug|Any CPU
		{01C92B07-5CF0-408A-A4C1-62A40ECEDB49}.Debug|x86.Build.0 = Debug|Any CPU
		{01C92B07-5CF0-408A-A4C1-62A40ECEDB49}.Release|Any CPU.ActiveCfg = Release|Any CPU
		{01C92B07-5CF0-408A-A4C1-62A40ECEDB49}.Release|Any CPU.Build.0 = Release|Any CPU
		{01C92B07-5CF0-408A-A4C1-62A40ECEDB49}.Release|x64.ActiveCfg = Release|Any CPU
		{01C92B07-5CF0-408A-A4C1-62A40ECEDB49}.Release|x64.Build.0 = Release|Any CPU
		{01C92B07-5CF0-408A-A4C1-62A40ECEDB49}.Release|x86.ActiveCfg = Release|Any CPU
		{01C92B07-5CF0-408A-A4C1-62A40ECEDB49}.Release|x86.Build.0 = Release|Any CPU
		{3E42B6A5-8DA2-47FF-88BA-A00BEB3BA579}.Debug|Any CPU.ActiveCfg = Debug|Any CPU
		{3E42B6A5-8DA2-47FF-88BA-A00BEB3BA579}.Debug|Any CPU.Build.0 = Debug|Any CPU
		{3E42B6A5-8DA2-47FF-88BA-A00BEB3BA579}.Debug|x64.ActiveCfg = Debug|Any CPU
		{3E42B6A5-8DA2-47FF-88BA-A00BEB3BA579}.Debug|x64.Build.0 = Debug|Any CPU
		{3E42B6A5-8DA2-47FF-88BA-A00BEB3BA579}.Debug|x86.ActiveCfg = Debug|Any CPU
		{3E42B6A5-8DA2-47FF-88BA-A00BEB3BA579}.Debug|x86.Build.0 = Debug|Any CPU
		{3E42B6A5-8DA2-47FF-88BA-A00BEB3BA579}.Release|Any CPU.ActiveCfg = Release|Any CPU
		{3E42B6A5-8DA2-47FF-88BA-A00BEB3BA579}.Release|Any CPU.Build.0 = Release|Any CPU
		{3E42B6A5-8DA2-47FF-88BA-A00BEB3BA579}.Release|x64.ActiveCfg = Release|Any CPU
		{3E42B6A5-8DA2-47FF-88BA-A00BEB3BA579}.Release|x64.Build.0 = Release|Any CPU
		{3E42B6A5-8DA2-47FF-88BA-A00BEB3BA579}.Release|x86.ActiveCfg = Release|Any CPU
		{3E42B6A5-8DA2-47FF-88BA-A00BEB3BA579}.Release|x86.Build.0 = Release|Any CPU
		{2CA29DB3-613E-4C62-B741-A431CAAFE8FC}.Debug|Any CPU.ActiveCfg = Debug|Any CPU
		{2CA29DB3-613E-4C62-B741-A431CAAFE8FC}.Debug|Any CPU.Build.0 = Debug|Any CPU
		{2CA29DB3-613E-4C62-B741-A431CAAFE8FC}.Debug|x64.ActiveCfg = Debug|Any CPU
		{2CA29DB3-613E-4C62-B741-A431CAAFE8FC}.Debug|x64.Build.0 = Debug|Any CPU
		{2CA29DB3-613E-4C62-B741-A431CAAFE8FC}.Debug|x86.ActiveCfg = Debug|Any CPU
		{2CA29DB3-613E-4C62-B741-A431CAAFE8FC}.Debug|x86.Build.0 = Debug|Any CPU
		{2CA29DB3-613E-4C62-B741-A431CAAFE8FC}.Release|Any CPU.ActiveCfg = Release|Any CPU
		{2CA29DB3-613E-4C62-B741-A431CAAFE8FC}.Release|Any CPU.Build.0 = Release|Any CPU
		{2CA29DB3-613E-4C62-B741-A431CAAFE8FC}.Release|x64.ActiveCfg = Release|Any CPU
		{2CA29DB3-613E-4C62-B741-A431CAAFE8FC}.Release|x64.Build.0 = Release|Any CPU
		{2CA29DB3-613E-4C62-B741-A431CAAFE8FC}.Release|x86.ActiveCfg = Release|Any CPU
		{2CA29DB3-613E-4C62-B741-A431CAAFE8FC}.Release|x86.Build.0 = Release|Any CPU
		{61D85C0C-C208-4F27-8821-E96AA154210B}.Debug|Any CPU.ActiveCfg = Debug|Any CPU
		{61D85C0C-C208-4F27-8821-E96AA154210B}.Debug|Any CPU.Build.0 = Debug|Any CPU
		{61D85C0C-C208-4F27-8821-E96AA154210B}.Debug|x64.ActiveCfg = Debug|Any CPU
		{61D85C0C-C208-4F27-8821-E96AA154210B}.Debug|x64.Build.0 = Debug|Any CPU
		{61D85C0C-C208-4F27-8821-E96AA154210B}.Debug|x86.ActiveCfg = Debug|Any CPU
		{61D85C0C-C208-4F27-8821-E96AA154210B}.Debug|x86.Build.0 = Debug|Any CPU
		{61D85C0C-C208-4F27-8821-E96AA154210B}.Release|Any CPU.ActiveCfg = Release|Any CPU
		{61D85C0C-C208-4F27-8821-E96AA154210B}.Release|Any CPU.Build.0 = Release|Any CPU
		{61D85C0C-C208-4F27-8821-E96AA154210B}.Release|x64.ActiveCfg = Release|Any CPU
		{61D85C0C-C208-4F27-8821-E96AA154210B}.Release|x64.Build.0 = Release|Any CPU
		{61D85C0C-C208-4F27-8821-E96AA154210B}.Release|x86.ActiveCfg = Release|Any CPU
		{61D85C0C-C208-4F27-8821-E96AA154210B}.Release|x86.Build.0 = Release|Any CPU
	EndGlobalSection
	GlobalSection(SolutionProperties) = preSolution
		HideSolutionNode = FALSE
	EndGlobalSection
	GlobalSection(NestedProjects) = preSolution
		{01C92B07-5CF0-408A-A4C1-62A40ECEDB49} = {827E0CD3-B72D-47B6-A68D-7590B98EB39B}
		{3E42B6A5-8DA2-47FF-88BA-A00BEB3BA579} = {827E0CD3-B72D-47B6-A68D-7590B98EB39B}
		{2CA29DB3-613E-4C62-B741-A431CAAFE8FC} = {827E0CD3-B72D-47B6-A68D-7590B98EB39B}
		{61D85C0C-C208-4F27-8821-E96AA154210B} = {0AB3BF05-4346-4AA6-1389-037BE0695223}
	EndGlobalSection
EndGlobal
